
Microsoft Visual Studio Solution File, Format Version 12.00
# Visual Studio Version 17
VisualStudioVersion = 17.11.35327.3
MinimumVisualStudioVersion = 10.0.40219.1
Project("{FAE04EC0-301F-11D3-BF4B-00C04F79EFBC}") = "SquadManager", "SquadManager\SquadManager.csproj", "{F9AFC65D-28BA-4E4D-8624-088B2719B06A}"
EndProject
Global
	GlobalSection(SolutionConfigurationPlatforms) = preSolution
		Debug|Any CPU = Debug|Any CPU
		Release|Any CPU = Release|Any CPU
	EndGlobalSection
	GlobalSection(ProjectConfigurationPlatforms) = postSolution
		{F9AFC65D-28BA-4E4D-8624-088B2719B06A}.Debug|Any CPU.ActiveCfg = Debug|Any CPU
		{F9AFC65D-28BA-4E4D-8624-088B2719B06A}.Debug|Any CPU.Build.0 = Debug|Any CPU
		{F9AFC65D-28BA-4E4D-8624-088B2719B06A}.Release|Any CPU.ActiveCfg = Release|Any CPU
		{F9AFC65D-28BA-4E4D-8624-088B2719B06A}.Release|Any CPU.Build.0 = Release|Any CPU
	EndGlobalSection
	GlobalSection(SolutionProperties) = preSolution
		HideSolutionNode = FALSE
	EndGlobalSection
	GlobalSection(ExtensibilityGlobals) = postSolution
		SolutionGuid = {E0EA934D-7956-4FAF-A6E4-1A97F0FD05F3}
	EndGlobalSection
EndGlobal
